
Microsoft Visual Studio Solution File, Format Version 12.00
# Visual Studio Version 17
VisualStudioVersion = 17.3.32825.248
MinimumVisualStudioVersion = 10.0.40219.1
Project("{8BC9CEB8-8B4A-11D0-8D11-00A0C91BC942}") = "chucnanggiaovien", "chucnanggiaovien\chucnanggiaovien.vcxproj", "{26A3CE6C-BCDD-4E2D-8C96-DCF6A00D60FB}"
EndProject
Global
	GlobalSection(SolutionConfigurationPlatforms) = preSolution
		Debug|x64 = Debug|x64
		Debug|x86 = Debug|x86
		Release|x64 = Release|x64
		Release|x86 = Release|x86
	EndGlobalSection
	GlobalSection(ProjectConfigurationPlatforms) = postSolution
		{26A3CE6C-BCDD-4E2D-8C96-DCF6A00D60FB}.Debug|x64.ActiveCfg = Debug|x64
		{26A3CE6C-BCDD-4E2D-8C96-DCF6A00D60FB}.Debug|x64.Build.0 = Debug|x64
		{26A3CE6C-BCDD-4E2D-8C96-DCF6A00D60FB}.Debug|x86.ActiveCfg = Debug|Win32
		{26A3CE6C-BCDD-4E2D-8C96-DCF6A00D60FB}.Debug|x86.Build.0 = Debug|Win32
		{26A3CE6C-BCDD-4E2D-8C96-DCF6A00D60FB}.Release|x64.ActiveCfg = Release|x64
		{26A3CE6C-BCDD-4E2D-8C96-DCF6A00D60FB}.Release|x64.Build.0 = Release|x64
		{26A3CE6C-BCDD-4E2D-8C96-DCF6A00D60FB}.Release|x86.ActiveCfg = Release|Win32
		{26A3CE6C-BCDD-4E2D-8C96-DCF6A00D60FB}.Release|x86.Build.0 = Release|Win32
	EndGlobalSection
	GlobalSection(SolutionProperties) = preSolution
		HideSolutionNode = FALSE
	EndGlobalSection
	GlobalSection(ExtensibilityGlobals) = postSolution
		SolutionGuid = {F0BA195F-43D0-471E-B926-ACD908B82290}
	EndGlobalSection
EndGlobal
